
Microsoft Visual Studio Solution File, Format Version 12.00
# Visual Studio 15
VisualStudioVersion = 15.0.28307.852
MinimumVisualStudioVersion = 10.0.40219.1
Project("{888888A0-9F3D-457C-B088-3A5042F75D52}") = "MiniprojectImageProcessing", "MiniprojectImageProcessing\MiniprojectImageProcessing.pyproj", "{41FBE2B7-9F59-4CF3-9164-E192DEA88015}"
EndProject
Global
	GlobalSection(SolutionConfigurationPlatforms) = preSolution
		Debug|Any CPU = Debug|Any CPU
		Release|Any CPU = Release|Any CPU
	EndGlobalSection
	GlobalSection(ProjectConfigurationPlatforms) = postSolution
		{41FBE2B7-9F59-4CF3-9164-E192DEA88015}.Debug|Any CPU.ActiveCfg = Debug|Any CPU
		{41FBE2B7-9F59-4CF3-9164-E192DEA88015}.Release|Any CPU.ActiveCfg = Release|Any CPU
	EndGlobalSection
	GlobalSection(SolutionProperties) = preSolution
		HideSolutionNode = FALSE
	EndGlobalSection
	GlobalSection(ExtensibilityGlobals) = postSolution
		SolutionGuid = {A675DA57-7418-4A1C-92A4-6197C13A33E0}
	EndGlobalSection
EndGlobal
